// !$*UTF8*$!
{
	archiveVersion = 1;
	classes = {
	};
	objectVersion = 50;
	objects = {

/* Begin PBXBuildFile section */
		82365E442456C0B2005FB203 /* HomeViewController.swift in Sources */ = {isa = PBXBuildFile; fileRef = 82365E432456C0B2005FB203 /* HomeViewController.swift */; };
		82365E462456C0D2005FB203 /* LocationViewController.swift in Sources */ = {isa = PBXBuildFile; fileRef = 82365E452456C0D2005FB203 /* LocationViewController.swift */; };
		82365E482456C0F9005FB203 /* ReceiverViewController.swift in Sources */ = {isa = PBXBuildFile; fileRef = 82365E472456C0F9005FB203 /* ReceiverViewController.swift */; };
		82365E4A2456C107005FB203 /* ProfileViewController.swift in Sources */ = {isa = PBXBuildFile; fileRef = 82365E492456C107005FB203 /* ProfileViewController.swift */; };
		A92B4DC024544BAC00F4A951 /* AppDelegate.swift in Sources */ = {isa = PBXBuildFile; fileRef = A92B4DBF24544BAC00F4A951 /* AppDelegate.swift */; };
		A92B4DC224544BAC00F4A951 /* SceneDelegate.swift in Sources */ = {isa = PBXBuildFile; fileRef = A92B4DC124544BAC00F4A951 /* SceneDelegate.swift */; };
		A92B4DC424544BAC00F4A951 /* ViewController.swift in Sources */ = {isa = PBXBuildFile; fileRef = A92B4DC324544BAC00F4A951 /* ViewController.swift */; };
		A92B4DC724544BAC00F4A951 /* Main.storyboard in Resources */ = {isa = PBXBuildFile; fileRef = A92B4DC524544BAC00F4A951 /* Main.storyboard */; };
		A92B4DC924544BAD00F4A951 /* Assets.xcassets in Resources */ = {isa = PBXBuildFile; fileRef = A92B4DC824544BAD00F4A951 /* Assets.xcassets */; };
		A92B4DCC24544BAD00F4A951 /* LaunchScreen.storyboard in Resources */ = {isa = PBXBuildFile; fileRef = A92B4DCA24544BAD00F4A951 /* LaunchScreen.storyboard */; };
/* End PBXBuildFile section */

/* Begin PBXFileReference section */
		82365E432456C0B2005FB203 /* HomeViewController.swift */ = {isa = PBXFileReference; lastKnownFileType = sourcecode.swift; path = HomeViewController.swift; sourceTree = "<group>"; };
		82365E452456C0D2005FB203 /* LocationViewController.swift */ = {isa = PBXFileReference; lastKnownFileType = sourcecode.swift; path = LocationViewController.swift; sourceTree = "<group>"; };
		82365E472456C0F9005FB203 /* ReceiverViewController.swift */ = {isa = PBXFileReference; lastKnownFileType = sourcecode.swift; path = ReceiverViewController.swift; sourceTree = "<group>"; };
		82365E492456C107005FB203 /* ProfileViewController.swift */ = {isa = PBXFileReference; lastKnownFileType = sourcecode.swift; path = ProfileViewController.swift; sourceTree = "<group>"; };
		A92B4DBC24544BAC00F4A951 /* turbotechapp.app */ = {isa = PBXFileReference; explicitFileType = wrapper.application; includeInIndex = 0; path = turbotechapp.app; sourceTree = BUILT_PRODUCTS_DIR; };
		A92B4DBF24544BAC00F4A951 /* AppDelegate.swift */ = {isa = PBXFileReference; lastKnownFileType = sourcecode.swift; path = AppDelegate.swift; sourceTree = "<group>"; };
		A92B4DC124544BAC00F4A951 /* SceneDelegate.swift */ = {isa = PBXFileReference; lastKnownFileType = sourcecode.swift; path = SceneDelegate.swift; sourceTree = "<group>"; };
		A92B4DC324544BAC00F4A951 /* ViewController.swift */ = {isa = PBXFileReference; lastKnownFileType = sourcecode.swift; path = ViewController.swift; sourceTree = "<group>"; };
		A92B4DC624544BAC00F4A951 /* Base */ = {isa = PBXFileReference; lastKnownFileType = file.storyboard; name = Base; path = Base.lproj/Main.storyboard; sourceTree = "<group>"; };
		A92B4DC824544BAD00F4A951 /* Assets.xcassets */ = {isa = PBXFileReference; lastKnownFileType = folder.assetcatalog; path = Assets.xcassets; sourceTree = "<group>"; };
		A92B4DCB24544BAD00F4A951 /* Base */ = {isa = PBXFileReference; lastKnownFileType = file.storyboard; name = Base; path = Base.lproj/LaunchScreen.storyboard; sourceTree = "<group>"; };
		A92B4DCD24544BAD00F4A951 /* Info.plist */ = {isa = PBXFileReference; lastKnownFileType = text.plist.xml; path = Info.plist; sourceTree = "<group>"; };
/* End PBXFileReference section */

/* Begin PBXFrameworksBuildPhase section */
		A92B4DB924544BAC00F4A951 /* Frameworks */ = {
			isa = PBXFrameworksBuildPhase;
			buildActionMask = 2147483647;
			files = (
			);
			runOnlyForDeploymentPostprocessing = 0;
		};
/* End PBXFrameworksBuildPhase section */

/* Begin PBXGroup section */
		82365E402456BA6B005FB203 /* Models */ = {
			isa = PBXGroup;
			children = (
			);
			name = Models;
			sourceTree = "<group>";
		};
		82365E412456BA76005FB203 /* ViewControllers */ = {
			isa = PBXGroup;
			children = (
				82365E432456C0B2005FB203 /* HomeViewController.swift */,
				82365E452456C0D2005FB203 /* LocationViewController.swift */,
				82365E472456C0F9005FB203 /* ReceiverViewController.swift */,
				82365E492456C107005FB203 /* ProfileViewController.swift */,
			);
			path = ViewControllers;
			sourceTree = "<group>";
		};
		82365E422456BA82005FB203 /* Views */ = {
			isa = PBXGroup;
			children = (
			);
			name = Views;
			sourceTree = "<group>";
		};
		A92B4DB324544BAB00F4A951 = {
			isa = PBXGroup;
			children = (
				A92B4DBE24544BAC00F4A951 /* turbotechapp */,
				A92B4DBD24544BAC00F4A951 /* Products */,
			);
			sourceTree = "<group>";
		};
		A92B4DBD24544BAC00F4A951 /* Products */ = {
			isa = PBXGroup;
			children = (
				A92B4DBC24544BAC00F4A951 /* turbotechapp.app */,
			);
			name = Products;
			sourceTree = "<group>";
		};
		A92B4DBE24544BAC00F4A951 /* turbotechapp */ = {
			isa = PBXGroup;
			children = (
				82365E422456BA82005FB203 /* Views */,
				82365E412456BA76005FB203 /* ViewControllers */,
				82365E402456BA6B005FB203 /* Models */,
				A92B4DBF24544BAC00F4A951 /* AppDelegate.swift */,
				A92B4DC124544BAC00F4A951 /* SceneDelegate.swift */,
				A92B4DC324544BAC00F4A951 /* ViewController.swift */,
				A92B4DC524544BAC00F4A951 /* Main.storyboard */,
				A92B4DC824544BAD00F4A951 /* Assets.xcassets */,
				A92B4DCA24544BAD00F4A951 /* LaunchScreen.storyboard */,
				A92B4DCD24544BAD00F4A951 /* Info.plist */,
			);
			path = turbotechapp;
			sourceTree = "<group>";
		};
/* End PBXGroup section */

/* Begin PBXNativeTarget section */
		A92B4DBB24544BAC00F4A951 /* turbotechapp */ = {
			isa = PBXNativeTarget;
			buildConfigurationList = A92B4DD024544BAD00F4A951 /* Build configuration list for PBXNativeTarget "turbotechapp" */;
			buildPhases = (
				A92B4DB824544BAC00F4A951 /* Sources */,
				A92B4DB924544BAC00F4A951 /* Frameworks */,
				A92B4DBA24544BAC00F4A951 /* Resources */,
			);
			buildRules = (
			);
			dependencies = (
			);
			name = turbotechapp;
			productName = turbotechapp;
			productReference = A92B4DBC24544BAC00F4A951 /* turbotechapp.app */;
			productType = "com.apple.product-type.application";
		};
/* End PBXNativeTarget section */

/* Begin PBXProject section */
		A92B4DB424544BAB00F4A951 /* Project object */ = {
			isa = PBXProject;
			attributes = {
				LastSwiftUpdateCheck = 1130;
				LastUpgradeCheck = 1130;
				ORGANIZATIONNAME = Turbotech;
				TargetAttributes = {
					A92B4DBB24544BAC00F4A951 = {
						CreatedOnToolsVersion = 11.3;
					};
				};
			};
			buildConfigurationList = A92B4DB724544BAB00F4A951 /* Build configuration list for PBXProject "turbotechapp" */;
			compatibilityVersion = "Xcode 9.3";
			developmentRegion = en;
			hasScannedForEncodings = 0;
			knownRegions = (
				en,
				Base,
			);
			mainGroup = A92B4DB324544BAB00F4A951;
			productRefGroup = A92B4DBD24544BAC00F4A951 /* Products */;
			projectDirPath = "";
			projectRoot = "";
			targets = (
				A92B4DBB24544BAC00F4A951 /* turbotechapp */,
			);
		};
/* End PBXProject section */

/* Begin PBXResourcesBuildPhase section */
		A92B4DBA24544BAC00F4A951 /* Resources */ = {
			isa = PBXResourcesBuildPhase;
			buildActionMask = 2147483647;
			files = (
				A92B4DCC24544BAD00F4A951 /* LaunchScreen.storyboard in Resources */,
				A92B4DC924544BAD00F4A951 /* Assets.xcassets in Resources */,
				A92B4DC724544BAC00F4A951 /* Main.storyboard in Resources */,
			);
			runOnlyForDeploymentPostprocessing = 0;
		};
/* End PBXResourcesBuildPhase section */

/* Begin PBXSourcesBuildPhase section */
		A92B4DB824544BAC00F4A951 /* Sources */ = {
			isa = PBXSourcesBuildPhase;
			buildActionMask = 2147483647;
			files = (
				82365E462456C0D2005FB203 /* LocationViewController.swift in Sources */,
				82365E482456C0F9005FB203 /* ReceiverViewController.swift in Sources */,
				A92B4DC424544BAC00F4A951 /* ViewController.swift in Sources */,
				A92B4DC024544BAC00F4A951 /* AppDelegate.swift in Sources */,
				82365E4A2456C107005FB203 /* ProfileViewController.swift in Sources */,
				A92B4DC224544BAC00F4A951 /* SceneDelegate.swift in Sources */,
				82365E442456C0B2005FB203 /* HomeViewController.swift in Sources */,
			);
			runOnlyForDeploymentPostprocessing = 0;
		};
/* End PBXSourcesBuildPhase section */

/* Begin PBXVariantGroup section */
		A92B4DC524544BAC00F4A951 /* Main.storyboard */ = {
			isa = PBXVariantGroup;
			children = (
				A92B4DC624544BAC00F4A951 /* Base */,
			);
			name = Main.storyboard;
			sourceTree = "<group>";
		};
		A92B4DCA24544BAD00F4A951 /* LaunchScreen.storyboard */ = {
			isa = PBXVariantGroup;
			children = (
				A92B4DCB24544BAD00F4A951 /* Base */,
			);
			name = LaunchScreen.storyboard;
			sourceTree = "<group>";
		};
/* End PBXVariantGroup section */

/* Begin XCBuildConfiguration section */
		A92B4DCE24544BAD00F4A951 /* Debug */ = {
			isa = XCBuildConfiguration;
			buildSettings = {
				ALWAYS_SEARCH_USER_PATHS = NO;
				CLANG_ANALYZER_NONNULL = YES;
				CLANG_ANALYZER_NUMBER_OBJECT_CONVERSION = YES_AGGRESSIVE;
				CLANG_CXX_LANGUAGE_STANDARD = "gnu++14";
				CLANG_CXX_LIBRARY = "libc++";
				CLANG_ENABLE_MODULES = YES;
				CLANG_ENABLE_OBJC_ARC = YES;
				CLANG_ENABLE_OBJC_WEAK = YES;
				CLANG_WARN_BLOCK_CAPTURE_AUTORELEASING = YES;
				CLANG_WARN_BOOL_CONVERSION = YES;
				CLANG_WARN_COMMA = YES;
				CLANG_WARN_CONSTANT_CONVERSION = YES;
				CLANG_WARN_DEPRECATED_OBJC_IMPLEMENTATIONS = YES;
				CLANG_WARN_DIRECT_OBJC_ISA_USAGE = YES_ERROR;
				CLANG_WARN_DOCUMENTATION_COMMENTS = YES;
				CLANG_WARN_EMPTY_BODY = YES;
				CLANG_WARN_ENUM_CONVERSION = YES;
				CLANG_WARN_INFINITE_RECURSION = YES;
				CLANG_WARN_INT_CONVERSION = YES;
				CLANG_WARN_NON_LITERAL_NULL_CONVERSION = YES;
				CLANG_WARN_OBJC_IMPLICIT_RETAIN_SELF = YES;
				CLANG_WARN_OBJC_LITERAL_CONVERSION = YES;
				CLANG_WARN_OBJC_ROOT_CLASS = YES_ERROR;
				CLANG_WARN_RANGE_LOOP_ANALYSIS = YES;
				CLANG_WARN_STRICT_PROTOTYPES = YES;
				CLANG_WARN_SUSPICIOUS_MOVE = YES;
				CLANG_WARN_UNGUARDED_AVAILABILITY = YES_AGGRESSIVE;
				CLANG_WARN_UNREACHABLE_CODE = YES;
				CLANG_WARN__DUPLICATE_METHOD_MATCH = YES;
				COPY_PHASE_STRIP = NO;
				DEBUG_INFORMATION_FORMAT = dwarf;
				ENABLE_STRICT_OBJC_MSGSEND = YES;
				ENABLE_TESTABILITY = YES;
				GCC_C_LANGUAGE_STANDARD = gnu11;
				GCC_DYNAMIC_NO_PIC = NO;
				GCC_NO_COMMON_BLOCKS = YES;
				GCC_OPTIMIZATION_LEVEL = 0;
				GCC_PREPROCESSOR_DEFINITIONS = (
					"DEBUG=1",
					"$(inherited)",
				);
				GCC_WARN_64_TO_32_BIT_CONVERSION = YES;
				GCC_WARN_ABOUT_RETURN_TYPE = YES_ERROR;
				GCC_WARN_UNDECLARED_SELECTOR = YES;
				GCC_WARN_UNINITIALIZED_AUTOS = YES_AGGRESSIVE;
				GCC_WARN_UNUSED_FUNCTION = YES;
				GCC_WARN_UNUSED_VARIABLE = YES;
				IPHONEOS_DEPLOYMENT_TARGET = 13.2;
				MTL_ENABLE_DEBUG_INFO = INCLUDE_SOURCE;
				MTL_FAST_MATH = YES;
				ONLY_ACTIVE_ARCH = YES;
				SDKROOT = iphoneos;
				SWIFT_ACTIVE_COMPILATION_CONDITIONS = DEBUG;
				SWIFT_OPTIMIZATION_LEVEL = "-Onone";
			};
			name = Debug;
		};
		A92B4DCF24544BAD00F4A951 /* Release */ = {
			isa = XCBuildConfiguration;
			buildSettings = {
				ALWAYS_SEARCH_USER_PATHS = NO;
				CLANG_ANALYZER_NONNULL = YES;
				CLANG_ANALYZER_NUMBER_OBJECT_CONVERSION = YES_AGGRESSIVE;
				CLANG_CXX_LANGUAGE_STANDARD = "gnu++14";
				CLANG_CXX_LIBRARY = "libc++";
				CLANG_ENABLE_MODULES = YES;
				CLANG_ENABLE_OBJC_ARC = YES;
				CLANG_ENABLE_OBJC_WEAK = YES;
				CLANG_WARN_BLOCK_CAPTURE_AUTORELEASING = YES;
				CLANG_WARN_BOOL_CONVERSION = YES;
				CLANG_WARN_COMMA = YES;
				CLANG_WARN_CONSTANT_CONVERSION = YES;
				CLANG_WARN_DEPRECATED_OBJC_IMPLEMENTATIONS = YES;
				CLANG_WARN_DIRECT_OBJC_ISA_USAGE = YES_ERROR;
				CLANG_WARN_DOCUMENTATION_COMMENTS = YES;
				CLANG_WARN_EMPTY_BODY = YES;
				CLANG_WARN_ENUM_CONVERSION = YES;
				CLANG_WARN_INFINITE_RECURSION = YES;
				CLANG_WARN_INT_CONVERSION = YES;
				CLANG_WARN_NON_LITERAL_NULL_CONVERSION = YES;
				CLANG_WARN_OBJC_IMPLICIT_RETAIN_SELF = YES;
				CLANG_WARN_OBJC_LITERAL_CONVERSION = YES;
				CLANG_WARN_OBJC_ROOT_CLASS = YES_ERROR;
				CLANG_WARN_RANGE_LOOP_ANALYSIS = YES;
				CLANG_WARN_STRICT_PROTOTYPES = YES;
				CLANG_WARN_SUSPICIOUS_MOVE = YES;
				CLANG_WARN_UNGUARDED_AVAILABILITY = YES_AGGRESSIVE;
				CLANG_WARN_UNREACHABLE_CODE = YES;
				CLANG_WARN__DUPLICATE_METHOD_MATCH = YES;
				COPY_PHASE_STRIP = NO;
				DEBUG_INFORMATION_FORMAT = "dwarf-with-dsym";
				ENABLE_NS_ASSERTIONS = NO;
				ENABLE_STRICT_OBJC_MSGSEND = YES;
				GCC_C_LANGUAGE_STANDARD = gnu11;
				GCC_NO_COMMON_BLOCKS = YES;
				GCC_WARN_64_TO_32_BIT_CONVERSION = YES;
				GCC_WARN_ABOUT_RETURN_TYPE = YES_ERROR;
				GCC_WARN_UNDECLARED_SELECTOR = YES;
				GCC_WARN_UNINITIALIZED_AUTOS = YES_AGGRESSIVE;
				GCC_WARN_UNUSED_FUNCTION = YES;
				GCC_WARN_UNUSED_VARIABLE = YES;
				IPHONEOS_DEPLOYMENT_TARGET = 13.2;
				MTL_ENABLE_DEBUG_INFO = NO;
				MTL_FAST_MATH = YES;
				SDKROOT = iphoneos;
				SWIFT_COMPILATION_MODE = wholemodule;
				SWIFT_OPTIMIZATION_LEVEL = "-O";
				VALIDATE_PRODUCT = YES;
			};
			name = Release;
		};
		A92B4DD124544BAD00F4A951 /* Debug */ = {
			isa = XCBuildConfiguration;
			buildSettings = {
				ASSETCATALOG_COMPILER_APPICON_NAME = AppIcon;
				CODE_SIGN_STYLE = Automatic;
				INFOPLIST_FILE = turbotechapp/Info.plist;
				LD_RUNPATH_SEARCH_PATHS = (
					"$(inherited)",
					"@executable_path/Frameworks",
				);
				PRODUCT_BUNDLE_IDENTIFIER = com.turbotech.turbotechapp;
				PRODUCT_NAME = "$(TARGET_NAME)";
				SWIFT_VERSION = 5.0;
				TARGETED_DEVICE_FAMILY = "1,2";
			};
			name = Debug;
		};
		A92B4DD224544BAD00F4A951 /* Release */ = {
			isa = XCBuildConfiguration;
			buildSettings = {
				ASSETCATALOG_COMPILER_APPICON_NAME = AppIcon;
				CODE_SIGN_STYLE = Automatic;
				INFOPLIST_FILE = turbotechapp/Info.plist;
				LD_RUNPATH_SEARCH_PATHS = (
					"$(inherited)",
					"@executable_path/Frameworks",
				);
				PRODUCT_BUNDLE_IDENTIFIER = com.turbotech.turbotechapp;
				PRODUCT_NAME = "$(TARGET_NAME)";
				SWIFT_VERSION = 5.0;
				TARGETED_DEVICE_FAMILY = "1,2";
			};
			name = Release;
		};
/* End XCBuildConfiguration section */

/* Begin XCConfigurationList section */
		A92B4DB724544BAB00F4A951 /* Build configuration list for PBXProject "turbotechapp" */ = {
			isa = XCConfigurationList;
			buildConfigurations = (
				A92B4DCE24544BAD00F4A951 /* Debug */,
				A92B4DCF24544BAD00F4A951 /* Release */,
			);
			defaultConfigurationIsVisible = 0;
			defaultConfigurationName = Release;
		};
		A92B4DD024544BAD00F4A951 /* Build configuration list for PBXNativeTarget "turbotechapp" */ = {
			isa = XCConfigurationList;
			buildConfigurations = (
				A92B4DD124544BAD00F4A951 /* Debug */,
				A92B4DD224544BAD00F4A951 /* Release */,
			);
			defaultConfigurationIsVisible = 0;
			defaultConfigurationName = Release;
		};
/* End XCConfigurationList section */
	};
	rootObject = A92B4DB424544BAB00F4A951 /* Project object */;
}
